
Microsoft Visual Studio Solution File, Format Version 12.00
# Visual Studio Version 16
VisualStudioVersion = 16.0.30225.117
MinimumVisualStudioVersion = 10.0.40219.1
Project("{FAE04EC0-301F-11D3-BF4B-00C04F79EFBC}") = "Hello Github", "Hello Github\Hello Github.csproj", "{656CFAF3-B0ED-4E71-A0F0-FF4294C89C48}"
EndProject
Global
	GlobalSection(SolutionConfigurationPlatforms) = preSolution
		Debug|Any CPU = Debug|Any CPU
		Release|Any CPU = Release|Any CPU
	EndGlobalSection
	GlobalSection(ProjectConfigurationPlatforms) = postSolution
		{656CFAF3-B0ED-4E71-A0F0-FF4294C89C48}.Debug|Any CPU.ActiveCfg = Debug|Any CPU
		{656CFAF3-B0ED-4E71-A0F0-FF4294C89C48}.Debug|Any CPU.Build.0 = Debug|Any CPU
		{656CFAF3-B0ED-4E71-A0F0-FF4294C89C48}.Release|Any CPU.ActiveCfg = Release|Any CPU
		{656CFAF3-B0ED-4E71-A0F0-FF4294C89C48}.Release|Any CPU.Build.0 = Release|Any CPU
	EndGlobalSection
	GlobalSection(SolutionProperties) = preSolution
		HideSolutionNode = FALSE
	EndGlobalSection
	GlobalSection(ExtensibilityGlobals) = postSolution
		SolutionGuid = {6E98713E-218A-4196-90F9-B159144C14C3}
	EndGlobalSection
EndGlobal
